// !$*UTF8*$!
{
	archiveVersion = 1;
	classes = {
	};
	objectVersion = 46;
	objects = {

/* Begin PBXBuildFile section */
		992D203D8555781E6FAFE259 /* Pods_Flakey.framework in Frameworks */ = {isa = PBXBuildFile; fileRef = 2B047C2AC64DF438489C81E5 /* Pods_Flakey.framework */; };
		D110085C1DBBC88D0007EACA /* snowflake.svg in Resources */ = {isa = PBXBuildFile; fileRef = D110085B1DBBC88D0007EACA /* snowflake.svg */; };
		D110085E1DBBDB890007EACA /* GoogleService-Info.plist in Resources */ = {isa = PBXBuildFile; fileRef = D110085D1DBBDB890007EACA /* GoogleService-Info.plist */; };
		D12D86581DDCF202001E2685 /* Thud.wav in Resources */ = {isa = PBXBuildFile; fileRef = D12D86571DDCF202001E2685 /* Thud.wav */; };
		D12D865F1DDD0E42001E2685 /* Tutorial.wav in Resources */ = {isa = PBXBuildFile; fileRef = D12D865E1DDD0E42001E2685 /* Tutorial.wav */; };
		D12D86621DDD0E67001E2685 /* Button.wav in Resources */ = {isa = PBXBuildFile; fileRef = D12D86601DDD0E67001E2685 /* Button.wav */; };
		D12D86631DDD0E67001E2685 /* Table.wav in Resources */ = {isa = PBXBuildFile; fileRef = D12D86611DDD0E67001E2685 /* Table.wav */; };
		D12D86651DDD1B35001E2685 /* Collision.wav in Resources */ = {isa = PBXBuildFile; fileRef = D12D86641DDD1B35001E2685 /* Collision.wav */; };
		D12D866C1DDD1E88001E2685 /* volume-off.png in Resources */ = {isa = PBXBuildFile; fileRef = D12D86661DDD1E88001E2685 /* volume-off.png */; };
		D12D866F1DDD1E88001E2685 /* volume-on.png in Resources */ = {isa = PBXBuildFile; fileRef = D12D86691DDD1E88001E2685 /* volume-on.png */; };
		D12E92031DD0DF8C00F7E71A /* BroadcastTutorialView.swift in Sources */ = {isa = PBXBuildFile; fileRef = D12E92021DD0DF8B00F7E71A /* BroadcastTutorialView.swift */; };
		D13D56821DDE0AAD001A8DA7 /* volume-off@x2.png in Resources */ = {isa = PBXBuildFile; fileRef = D13D567E1DDE0AAD001A8DA7 /* volume-off@x2.png */; };
		D13D56831DDE0AAD001A8DA7 /* volume-off@x3.png in Resources */ = {isa = PBXBuildFile; fileRef = D13D567F1DDE0AAD001A8DA7 /* volume-off@x3.png */; };
		D13D56841DDE0AAD001A8DA7 /* volume-on@x2.png in Resources */ = {isa = PBXBuildFile; fileRef = D13D56801DDE0AAD001A8DA7 /* volume-on@x2.png */; };
		D13D56851DDE0AAD001A8DA7 /* volume-on@x3.png in Resources */ = {isa = PBXBuildFile; fileRef = D13D56811DDE0AAD001A8DA7 /* volume-on@x3.png */; };
		D13ED1D41DC2B76B00F4A176 /* Backdrop.swift in Sources */ = {isa = PBXBuildFile; fileRef = D13ED1D31DC2B76B00F4A176 /* Backdrop.swift */; };
		D13ED1DC1DC2E77800F4A176 /* backdropSmall.png in Resources */ = {isa = PBXBuildFile; fileRef = D13ED1D91DC2E77800F4A176 /* backdropSmall.png */; };
		D13ED1DD1DC2E77800F4A176 /* backdropSmall@x2.png in Resources */ = {isa = PBXBuildFile; fileRef = D13ED1DA1DC2E77800F4A176 /* backdropSmall@x2.png */; };
		D13ED1DE1DC2E77800F4A176 /* backdropSmall@x3.png in Resources */ = {isa = PBXBuildFile; fileRef = D13ED1DB1DC2E77800F4A176 /* backdropSmall@x3.png */; };
		D15532FF1DA720B400B7FAD9 /* Constants.swift in Sources */ = {isa = PBXBuildFile; fileRef = D15532FE1DA720B400B7FAD9 /* Constants.swift */; };
		D195E9001DAE894D003EF784 /* PauseButton.swift in Sources */ = {isa = PBXBuildFile; fileRef = D195E8FF1DAE894D003EF784 /* PauseButton.swift */; };
		D1A5A7751D7CD0BB00D6001A /* .gitignore in Resources */ = {isa = PBXBuildFile; fileRef = D1A5A7331D7CD0BB00D6001A /* .gitignore */; };
		D1A5A7761D7CD0BB00D6001A /* .travis.yml in Resources */ = {isa = PBXBuildFile; fileRef = D1A5A7341D7CD0BB00D6001A /* .travis.yml */; };
		D1A5A77B1D7CD0BB00D6001A /* LICENSE in Resources */ = {isa = PBXBuildFile; fileRef = D1A5A7391D7CD0BB00D6001A /* LICENSE */; };
		D1A5A78F1D7CD0BB00D6001A /* PocketSVG.m in Sources */ = {isa = PBXBuildFile; fileRef = D1A5A76C1D7CD0BB00D6001A /* PocketSVG.m */; };
		D1A5A7901D7CD0BB00D6001A /* PocketSVG.podspec in Resources */ = {isa = PBXBuildFile; fileRef = D1A5A76D1D7CD0BB00D6001A /* PocketSVG.podspec */; };
		D1A5A7AC1D7D042800D6001A /* Score.swift in Sources */ = {isa = PBXBuildFile; fileRef = D1A5A7AB1D7D042800D6001A /* Score.swift */; };
		D1AB9BCE1D53F69100312A0A /* AppDelegate.swift in Sources */ = {isa = PBXBuildFile; fileRef = D1AB9BCD1D53F69100312A0A /* AppDelegate.swift */; };
		D1AB9BD01D53F69100312A0A /* GameController.swift in Sources */ = {isa = PBXBuildFile; fileRef = D1AB9BCF1D53F69100312A0A /* GameController.swift */; };
		D1AB9BD31D53F69100312A0A /* Main.storyboard in Resources */ = {isa = PBXBuildFile; fileRef = D1AB9BD11D53F69100312A0A /* Main.storyboard */; };
		D1AB9BD51D53F69100312A0A /* Assets.xcassets in Resources */ = {isa = PBXBuildFile; fileRef = D1AB9BD41D53F69100312A0A /* Assets.xcassets */; };
		D1AB9BD81D53F69100312A0A /* LaunchScreen.storyboard in Resources */ = {isa = PBXBuildFile; fileRef = D1AB9BD61D53F69100312A0A /* LaunchScreen.storyboard */; };
		D1AB9BE01D53FC4000312A0A /* Cloud.swift in Sources */ = {isa = PBXBuildFile; fileRef = D1AB9BDF1D53FC4000312A0A /* Cloud.swift */; };
		D1AB9BE21D54082D00312A0A /* Arc.swift in Sources */ = {isa = PBXBuildFile; fileRef = D1AB9BE11D54082D00312A0A /* Arc.swift */; };
		D1DA55191D9DA26D0026FD25 /* ScoreTable.swift in Sources */ = {isa = PBXBuildFile; fileRef = D1DA55181D9DA26D0026FD25 /* ScoreTable.swift */; };
		D1E784141DD2575200960FB4 /* logo.png in Resources */ = {isa = PBXBuildFile; fileRef = D1E784111DD2575200960FB4 /* logo.png */; };
		D1E784151DD2575200960FB4 /* logo@x2.png in Resources */ = {isa = PBXBuildFile; fileRef = D1E784121DD2575200960FB4 /* logo@x2.png */; };
		D1E784161DD2575200960FB4 /* logo@x3.png in Resources */ = {isa = PBXBuildFile; fileRef = D1E784131DD2575200960FB4 /* logo@x3.png */; };
		D1E7841B1DD2697200960FB4 /* icon@x40.png in Resources */ = {isa = PBXBuildFile; fileRef = D1E784191DD2697200960FB4 /* icon@x40.png */; };
		D1E784201DD269CC00960FB4 /* icon@x58.png in Resources */ = {isa = PBXBuildFile; fileRef = D1E7841D1DD269CC00960FB4 /* icon@x58.png */; };
		D1E784211DD269CC00960FB4 /* icon@x60.png in Resources */ = {isa = PBXBuildFile; fileRef = D1E7841E1DD269CC00960FB4 /* icon@x60.png */; };
		D1E784281DD26A8A00960FB4 /* icon@x80.png in Resources */ = {isa = PBXBuildFile; fileRef = D1E784251DD26A8A00960FB4 /* icon@x80.png */; };
		D1E784291DD26A8A00960FB4 /* icon@x120.png in Resources */ = {isa = PBXBuildFile; fileRef = D1E784261DD26A8A00960FB4 /* icon@x120.png */; };
		D1E7842A1DD26A8A00960FB4 /* icon@x180.png in Resources */ = {isa = PBXBuildFile; fileRef = D1E784271DD26A8A00960FB4 /* icon@x180.png */; };
		D1E7842C1DD26B7000960FB4 /* icon@x87.png in Resources */ = {isa = PBXBuildFile; fileRef = D1E7842B1DD26B7000960FB4 /* icon@x87.png */; };
		D1E9037D1D55887E005DED90 /* Flake.swift in Sources */ = {isa = PBXBuildFile; fileRef = D1E9037C1D55887E005DED90 /* Flake.swift */; };
		D1F2CDD21D8AFB14001479B6 /* Border.swift in Sources */ = {isa = PBXBuildFile; fileRef = D1F2CDD11D8AFB14001479B6 /* Border.swift */; };
		D1F2CDD61D8B0B06001479B6 /* Broadcast.swift in Sources */ = {isa = PBXBuildFile; fileRef = D1F2CDD51D8B0B06001479B6 /* Broadcast.swift */; };
/* End PBXBuildFile section */

/* Begin PBXContainerItemProxy section */
		D1A5A7A01D7CD0BB00D6001A /* PBXContainerItemProxy */ = {
			isa = PBXContainerItemProxy;
			containerPortal = D1A5A7711D7CD0BB00D6001A /* PocketSVGFramework.xcodeproj */;
			proxyType = 2;
			remoteGlobalIDString = 04ECF17D1BDB8D6500B524FA;
			remoteInfo = PocketSVGFramework;
		};
/* End PBXContainerItemProxy section */

/* Begin PBXFileReference section */
		2B047C2AC64DF438489C81E5 /* Pods_Flakey.framework */ = {isa = PBXFileReference; explicitFileType = wrapper.framework; includeInIndex = 0; path = Pods_Flakey.framework; sourceTree = BUILT_PRODUCTS_DIR; };
		856DFB90FC939FFE783B3A65 /* Pods-Flakey.release.xcconfig */ = {isa = PBXFileReference; includeInIndex = 1; lastKnownFileType = text.xcconfig; name = "Pods-Flakey.release.xcconfig"; path = "Target Support Files/Pods-Flakey/Pods-Flakey.release.xcconfig"; sourceTree = "<group>"; };
		D110085B1DBBC88D0007EACA /* snowflake.svg */ = {isa = PBXFileReference; fileEncoding = 4; lastKnownFileType = text.xml; path = snowflake.svg; sourceTree = "<group>"; };
		D110085D1DBBDB890007EACA /* GoogleService-Info.plist */ = {isa = PBXFileReference; fileEncoding = 4; lastKnownFileType = text.plist.xml; path = "GoogleService-Info.plist"; sourceTree = "<group>"; };
		D12D86571DDCF202001E2685 /* Thud.wav */ = {isa = PBXFileReference; lastKnownFileType = audio.wav; path = Thud.wav; sourceTree = "<group>"; };
		D12D865E1DDD0E42001E2685 /* Tutorial.wav */ = {isa = PBXFileReference; lastKnownFileType = audio.wav; path = Tutorial.wav; sourceTree = "<group>"; };
		D12D86601DDD0E67001E2685 /* Button.wav */ = {isa = PBXFileReference; lastKnownFileType = audio.wav; path = Button.wav; sourceTree = "<group>"; };
		D12D86611DDD0E67001E2685 /* Table.wav */ = {isa = PBXFileReference; lastKnownFileType = audio.wav; path = Table.wav; sourceTree = "<group>"; };
		D12D86641DDD1B35001E2685 /* Collision.wav */ = {isa = PBXFileReference; lastKnownFileType = audio.wav; path = Collision.wav; sourceTree = "<group>"; };
		D12D86661DDD1E88001E2685 /* volume-off.png */ = {isa = PBXFileReference; lastKnownFileType = image.png; name = "volume-off.png"; path = "Fly Images/volume-off.png"; sourceTree = SOURCE_ROOT; };
		D12D86691DDD1E88001E2685 /* volume-on.png */ = {isa = PBXFileReference; lastKnownFileType = image.png; name = "volume-on.png"; path = "Fly Images/volume-on.png"; sourceTree = SOURCE_ROOT; };
		D12E92021DD0DF8B00F7E71A /* BroadcastTutorialView.swift */ = {isa = PBXFileReference; fileEncoding = 4; lastKnownFileType = sourcecode.swift; path = BroadcastTutorialView.swift; sourceTree = "<group>"; };
		D13D567E1DDE0AAD001A8DA7 /* volume-off@x2.png */ = {isa = PBXFileReference; lastKnownFileType = image.png; name = "volume-off@x2.png"; path = "Fly Images/volume-off@x2.png"; sourceTree = SOURCE_ROOT; };
		D13D567F1DDE0AAD001A8DA7 /* volume-off@x3.png */ = {isa = PBXFileReference; lastKnownFileType = image.png; name = "volume-off@x3.png"; path = "Fly Images/volume-off@x3.png"; sourceTree = SOURCE_ROOT; };
		D13D56801DDE0AAD001A8DA7 /* volume-on@x2.png */ = {isa = PBXFileReference; lastKnownFileType = image.png; name = "volume-on@x2.png"; path = "Fly Images/volume-on@x2.png"; sourceTree = SOURCE_ROOT; };
		D13D56811DDE0AAD001A8DA7 /* volume-on@x3.png */ = {isa = PBXFileReference; lastKnownFileType = image.png; name = "volume-on@x3.png"; path = "Fly Images/volume-on@x3.png"; sourceTree = SOURCE_ROOT; };
		D13ED1D31DC2B76B00F4A176 /* Backdrop.swift */ = {isa = PBXFileReference; fileEncoding = 4; lastKnownFileType = sourcecode.swift; path = Backdrop.swift; sourceTree = "<group>"; };
		D13ED1D91DC2E77800F4A176 /* backdropSmall.png */ = {isa = PBXFileReference; lastKnownFileType = image.png; path = backdropSmall.png; sourceTree = "<group>"; };
		D13ED1DA1DC2E77800F4A176 /* backdropSmall@x2.png */ = {isa = PBXFileReference; lastKnownFileType = image.png; path = "backdropSmall@x2.png"; sourceTree = "<group>"; };
		D13ED1DB1DC2E77800F4A176 /* backdropSmall@x3.png */ = {isa = PBXFileReference; lastKnownFileType = image.png; path = "backdropSmall@x3.png"; sourceTree = "<group>"; };
		D15532FE1DA720B400B7FAD9 /* Constants.swift */ = {isa = PBXFileReference; fileEncoding = 4; lastKnownFileType = sourcecode.swift; path = Constants.swift; sourceTree = "<group>"; };
		D195E8FF1DAE894D003EF784 /* PauseButton.swift */ = {isa = PBXFileReference; fileEncoding = 4; lastKnownFileType = sourcecode.swift; path = PauseButton.swift; sourceTree = "<group>"; };
		D1A5A7331D7CD0BB00D6001A /* .gitignore */ = {isa = PBXFileReference; fileEncoding = 4; lastKnownFileType = text; path = .gitignore; sourceTree = "<group>"; };
		D1A5A7341D7CD0BB00D6001A /* .travis.yml */ = {isa = PBXFileReference; fileEncoding = 4; lastKnownFileType = text; path = .travis.yml; sourceTree = "<group>"; };
		D1A5A7391D7CD0BB00D6001A /* LICENSE */ = {isa = PBXFileReference; fileEncoding = 4; lastKnownFileType = text; path = LICENSE; sourceTree = "<group>"; };
		D1A5A76B1D7CD0BB00D6001A /* PocketSVG.h */ = {isa = PBXFileReference; fileEncoding = 4; lastKnownFileType = sourcecode.c.h; path = PocketSVG.h; sourceTree = "<group>"; };
		D1A5A76C1D7CD0BB00D6001A /* PocketSVG.m */ = {isa = PBXFileReference; fileEncoding = 4; lastKnownFileType = sourcecode.c.objc; path = PocketSVG.m; sourceTree = "<group>"; };
		D1A5A76D1D7CD0BB00D6001A /* PocketSVG.podspec */ = {isa = PBXFileReference; fileEncoding = 4; lastKnownFileType = text; path = PocketSVG.podspec; sourceTree = "<group>"; };
		D1A5A76F1D7CD0BB00D6001A /* Info.plist */ = {isa = PBXFileReference; fileEncoding = 4; lastKnownFileType = text.plist.xml; path = Info.plist; sourceTree = "<group>"; };
		D1A5A7701D7CD0BB00D6001A /* PocketSVGFramework.h */ = {isa = PBXFileReference; fileEncoding = 4; lastKnownFileType = sourcecode.c.h; path = PocketSVGFramework.h; sourceTree = "<group>"; };
		D1A5A7711D7CD0BB00D6001A /* PocketSVGFramework.xcodeproj */ = {isa = PBXFileReference; lastKnownFileType = "wrapper.pb-project"; path = PocketSVGFramework.xcodeproj; sourceTree = "<group>"; };
		D1A5A7A61D7CD7A500D6001A /* Flakey-Bridging-Header.h */ = {isa = PBXFileReference; lastKnownFileType = sourcecode.c.h; path = "Flakey-Bridging-Header.h"; sourceTree = "<group>"; };
		D1A5A7AB1D7D042800D6001A /* Score.swift */ = {isa = PBXFileReference; fileEncoding = 4; lastKnownFileType = sourcecode.swift; path = Score.swift; sourceTree = "<group>"; };
		D1AB9BCA1D53F69100312A0A /* Flakey.app */ = {isa = PBXFileReference; explicitFileType = wrapper.application; includeInIndex = 0; path = Flakey.app; sourceTree = BUILT_PRODUCTS_DIR; };
		D1AB9BCD1D53F69100312A0A /* AppDelegate.swift */ = {isa = PBXFileReference; lastKnownFileType = sourcecode.swift; path = AppDelegate.swift; sourceTree = "<group>"; };
		D1AB9BCF1D53F69100312A0A /* GameController.swift */ = {isa = PBXFileReference; lastKnownFileType = sourcecode.swift; path = GameController.swift; sourceTree = "<group>"; };
		D1AB9BD21D53F69100312A0A /* Base */ = {isa = PBXFileReference; lastKnownFileType = file.storyboard; name = Base; path = Base.lproj/Main.storyboard; sourceTree = "<group>"; };
		D1AB9BD41D53F69100312A0A /* Assets.xcassets */ = {isa = PBXFileReference; lastKnownFileType = folder.assetcatalog; path = Assets.xcassets; sourceTree = "<group>"; };
		D1AB9BD71D53F69100312A0A /* Base */ = {isa = PBXFileReference; lastKnownFileType = file.storyboard; name = Base; path = Base.lproj/LaunchScreen.storyboard; sourceTree = "<group>"; };
		D1AB9BD91D53F69100312A0A /* Info.plist */ = {isa = PBXFileReference; lastKnownFileType = text.plist.xml; path = Info.plist; sourceTree = "<group>"; };
		D1AB9BDF1D53FC4000312A0A /* Cloud.swift */ = {isa = PBXFileReference; fileEncoding = 4; lastKnownFileType = sourcecode.swift; path = Cloud.swift; sourceTree = "<group>"; };
		D1AB9BE11D54082D00312A0A /* Arc.swift */ = {isa = PBXFileReference; fileEncoding = 4; lastKnownFileType = sourcecode.swift; path = Arc.swift; sourceTree = "<group>"; };
		D1DA55181D9DA26D0026FD25 /* ScoreTable.swift */ = {isa = PBXFileReference; fileEncoding = 4; lastKnownFileType = sourcecode.swift; path = ScoreTable.swift; sourceTree = "<group>"; };
		D1E784111DD2575200960FB4 /* logo.png */ = {isa = PBXFileReference; lastKnownFileType = image.png; name = logo.png; path = "Fly Images/logo.png"; sourceTree = SOURCE_ROOT; };
		D1E784121DD2575200960FB4 /* logo@x2.png */ = {isa = PBXFileReference; lastKnownFileType = image.png; name = "logo@x2.png"; path = "Fly Images/logo@x2.png"; sourceTree = SOURCE_ROOT; };
		D1E784131DD2575200960FB4 /* logo@x3.png */ = {isa = PBXFileReference; lastKnownFileType = image.png; name = "logo@x3.png"; path = "Fly Images/logo@x3.png"; sourceTree = SOURCE_ROOT; };
		D1E784191DD2697200960FB4 /* icon@x40.png */ = {isa = PBXFileReference; lastKnownFileType = image.png; name = "icon@x40.png"; path = "Fly Images/icon@x40.png"; sourceTree = SOURCE_ROOT; };
		D1E7841D1DD269CC00960FB4 /* icon@x58.png */ = {isa = PBXFileReference; lastKnownFileType = image.png; name = "icon@x58.png"; path = "Fly Images/icon@x58.png"; sourceTree = SOURCE_ROOT; };
		D1E7841E1DD269CC00960FB4 /* icon@x60.png */ = {isa = PBXFileReference; lastKnownFileType = image.png; name = "icon@x60.png"; path = "Fly Images/icon@x60.png"; sourceTree = SOURCE_ROOT; };
		D1E784251DD26A8A00960FB4 /* icon@x80.png */ = {isa = PBXFileReference; lastKnownFileType = image.png; name = "icon@x80.png"; path = "Fly Images/icon@x80.png"; sourceTree = SOURCE_ROOT; };
		D1E784261DD26A8A00960FB4 /* icon@x120.png */ = {isa = PBXFileReference; lastKnownFileType = image.png; name = "icon@x120.png"; path = "Fly Images/icon@x120.png"; sourceTree = SOURCE_ROOT; };
		D1E784271DD26A8A00960FB4 /* icon@x180.png */ = {isa = PBXFileReference; lastKnownFileType = image.png; name = "icon@x180.png"; path = "Fly Images/icon@x180.png"; sourceTree = SOURCE_ROOT; };
		D1E7842B1DD26B7000960FB4 /* icon@x87.png */ = {isa = PBXFileReference; lastKnownFileType = image.png; name = "icon@x87.png"; path = "Fly Images/icon@x87.png"; sourceTree = SOURCE_ROOT; };
		D1E9037C1D55887E005DED90 /* Flake.swift */ = {isa = PBXFileReference; fileEncoding = 4; lastKnownFileType = sourcecode.swift; path = Flake.swift; sourceTree = "<group>"; };
		D1F2CDD11D8AFB14001479B6 /* Border.swift */ = {isa = PBXFileReference; fileEncoding = 4; lastKnownFileType = sourcecode.swift; path = Border.swift; sourceTree = "<group>"; };
		D1F2CDD51D8B0B06001479B6 /* Broadcast.swift */ = {isa = PBXFileReference; fileEncoding = 4; lastKnownFileType = sourcecode.swift; path = Broadcast.swift; sourceTree = "<group>"; };
		FAA9DBAB2BC9E19F561B5AA7 /* Pods-Flakey.debug.xcconfig */ = {isa = PBXFileReference; includeInIndex = 1; lastKnownFileType = text.xcconfig; name = "Pods-Flakey.debug.xcconfig"; path = "Target Support Files/Pods-Flakey/Pods-Flakey.debug.xcconfig"; sourceTree = "<group>"; };
/* End PBXFileReference section */

/* Begin PBXFrameworksBuildPhase section */
		D1AB9BC71D53F69100312A0A /* Frameworks */ = {
			isa = PBXFrameworksBuildPhase;
			buildActionMask = 2147483647;
			files = (
				992D203D8555781E6FAFE259 /* Pods_Flakey.framework in Frameworks */,
			);
			runOnlyForDeploymentPostprocessing = 0;
		};
/* End PBXFrameworksBuildPhase section */

/* Begin PBXGroup section */
		5B89CBFC6CB1F0DA6D7621F4 /* Frameworks */ = {
			isa = PBXGroup;
			children = (
				2B047C2AC64DF438489C81E5 /* Pods_Flakey.framework */,
			);
			name = Frameworks;
			sourceTree = "<group>";
		};
		D12D86561DDCF202001E2685 /* Sounds */ = {
			isa = PBXGroup;
			children = (
				D12D86641DDD1B35001E2685 /* Collision.wav */,
				D12D865E1DDD0E42001E2685 /* Tutorial.wav */,
				D12D86601DDD0E67001E2685 /* Button.wav */,
				D12D86611DDD0E67001E2685 /* Table.wav */,
				D12D86571DDCF202001E2685 /* Thud.wav */,
			);
			path = Sounds;
			sourceTree = "<group>";
		};
		D13ED1D81DC2E76100F4A176 /* Images */ = {
			isa = PBXGroup;
			children = (
				D12D86661DDD1E88001E2685 /* volume-off.png */,
				D13D567E1DDE0AAD001A8DA7 /* volume-off@x2.png */,
				D13D567F1DDE0AAD001A8DA7 /* volume-off@x3.png */,
				D12D86691DDD1E88001E2685 /* volume-on.png */,
				D13D56801DDE0AAD001A8DA7 /* volume-on@x2.png */,
				D13D56811DDE0AAD001A8DA7 /* volume-on@x3.png */,
				D1E784191DD2697200960FB4 /* icon@x40.png */,
				D1E7841D1DD269CC00960FB4 /* icon@x58.png */,
				D1E7841E1DD269CC00960FB4 /* icon@x60.png */,
				D1E784251DD26A8A00960FB4 /* icon@x80.png */,
				D1E7842B1DD26B7000960FB4 /* icon@x87.png */,
				D1E784261DD26A8A00960FB4 /* icon@x120.png */,
				D1E784271DD26A8A00960FB4 /* icon@x180.png */,
				D1E784111DD2575200960FB4 /* logo.png */,
				D1E784121DD2575200960FB4 /* logo@x2.png */,
				D1E784131DD2575200960FB4 /* logo@x3.png */,
				D13ED1D91DC2E77800F4A176 /* backdropSmall.png */,
				D13ED1DA1DC2E77800F4A176 /* backdropSmall@x2.png */,
				D13ED1DB1DC2E77800F4A176 /* backdropSmall@x3.png */,
			);
			name = Images;
			sourceTree = "<group>";
		};
		D1A5A7321D7CD0BB00D6001A /* PocketSVG-master */ = {
			isa = PBXGroup;
			children = (
				D110085B1DBBC88D0007EACA /* snowflake.svg */,
				D1A5A7331D7CD0BB00D6001A /* .gitignore */,
				D1A5A7341D7CD0BB00D6001A /* .travis.yml */,
				D1A5A7391D7CD0BB00D6001A /* LICENSE */,
				D1A5A76B1D7CD0BB00D6001A /* PocketSVG.h */,
				D1A5A76C1D7CD0BB00D6001A /* PocketSVG.m */,
				D1A5A76D1D7CD0BB00D6001A /* PocketSVG.podspec */,
				D1A5A76E1D7CD0BB00D6001A /* PocketSVGFramework */,
				D1A5A7711D7CD0BB00D6001A /* PocketSVGFramework.xcodeproj */,
			);
			path = "PocketSVG-master";
			sourceTree = "<group>";
		};
		D1A5A76E1D7CD0BB00D6001A /* PocketSVGFramework */ = {
			isa = PBXGroup;
			children = (
				D1A5A76F1D7CD0BB00D6001A /* Info.plist */,
				D1A5A7701D7CD0BB00D6001A /* PocketSVGFramework.h */,
			);
			path = PocketSVGFramework;
			sourceTree = "<group>";
		};
		D1A5A7721D7CD0BB00D6001A /* Products */ = {
			isa = PBXGroup;
			children = (
				D1A5A7A11D7CD0BB00D6001A /* PocketSVGFramework.framework */,
			);
			name = Products;
			sourceTree = "<group>";
		};
		D1AB9BC11D53F69100312A0A = {
			isa = PBXGroup;
			children = (
				D1AB9BCC1D53F69100312A0A /* Flakey */,
				D12D86561DDCF202001E2685 /* Sounds */,
				D31C961BEB7DCEF7A146CDC9 /* Pods */,
				5B89CBFC6CB1F0DA6D7621F4 /* Frameworks */,
			);
			sourceTree = "<group>";
		};
		D1AB9BCB1D53F69100312A0A /* Products */ = {
			isa = PBXGroup;
			children = (
				D1AB9BCA1D53F69100312A0A /* Flakey.app */,
			);
			name = Products;
			path = ..;
			sourceTree = "<group>";
		};
		D1AB9BCC1D53F69100312A0A /* Flakey */ = {
			isa = PBXGroup;
			children = (
				D1A5A7321D7CD0BB00D6001A /* PocketSVG-master */,
				D1AB9BCD1D53F69100312A0A /* AppDelegate.swift */,
				D15532FE1DA720B400B7FAD9 /* Constants.swift */,
				D1AB9BCF1D53F69100312A0A /* GameController.swift */,
				D13ED1D31DC2B76B00F4A176 /* Backdrop.swift */,
				D1DA55181D9DA26D0026FD25 /* ScoreTable.swift */,
				D1AB9BDF1D53FC4000312A0A /* Cloud.swift */,
				D1AB9BE11D54082D00312A0A /* Arc.swift */,
				D1F2CDD11D8AFB14001479B6 /* Border.swift */,
				D1F2CDD51D8B0B06001479B6 /* Broadcast.swift */,
				D12E92021DD0DF8B00F7E71A /* BroadcastTutorialView.swift */,
				D195E8FF1DAE894D003EF784 /* PauseButton.swift */,
				D1E9037C1D55887E005DED90 /* Flake.swift */,
				D1A5A7AB1D7D042800D6001A /* Score.swift */,
				D1AB9BD11D53F69100312A0A /* Main.storyboard */,
				D1AB9BD41D53F69100312A0A /* Assets.xcassets */,
				D1AB9BD61D53F69100312A0A /* LaunchScreen.storyboard */,
				D13ED1D81DC2E76100F4A176 /* Images */,
				D1AB9BCB1D53F69100312A0A /* Products */,
				D1AB9BD91D53F69100312A0A /* Info.plist */,
				D110085D1DBBDB890007EACA /* GoogleService-Info.plist */,
				D1A5A7A61D7CD7A500D6001A /* Flakey-Bridging-Header.h */,
			);
			name = Flakey;
			path = Fly;
			sourceTree = "<group>";
		};
		D31C961BEB7DCEF7A146CDC9 /* Pods */ = {
			isa = PBXGroup;
			children = (
				FAA9DBAB2BC9E19F561B5AA7 /* Pods-Flakey.debug.xcconfig */,
				856DFB90FC939FFE783B3A65 /* Pods-Flakey.release.xcconfig */,
			);
			path = Pods;
			sourceTree = "<group>";
		};
/* End PBXGroup section */

/* Begin PBXNativeTarget section */
		D1AB9BC91D53F69100312A0A /* Flakey */ = {
			isa = PBXNativeTarget;
			buildConfigurationList = D1AB9BDC1D53F69100312A0A /* Build configuration list for PBXNativeTarget "Flakey" */;
			buildPhases = (
				5954E925592BFA6C8D2AEFDA /* [CP] Check Pods Manifest.lock */,
				D1AB9BC61D53F69100312A0A /* Sources */,
				D1AB9BC71D53F69100312A0A /* Frameworks */,
				D1AB9BC81D53F69100312A0A /* Resources */,
				CCD3E9229A6AFA7674078A4F /* [CP] Embed Pods Frameworks */,
			);
			buildRules = (
			);
			dependencies = (
			);
			name = Flakey;
			productName = Fly;
			productReference = D1AB9BCA1D53F69100312A0A /* Flakey.app */;
			productType = "com.apple.product-type.application";
		};
/* End PBXNativeTarget section */

/* Begin PBXProject section */
		D1AB9BC21D53F69100312A0A /* Project object */ = {
			isa = PBXProject;
			attributes = {
				LastSwiftUpdateCheck = 0730;
				LastUpgradeCheck = 0800;
				ORGANIZATIONNAME = "Vikram Ramkumar";
				TargetAttributes = {
					D1AB9BC91D53F69100312A0A = {
						CreatedOnToolsVersion = 7.3.1;
						DevelopmentTeam = 53738Y87UZ;
						LastSwiftMigration = 0800;
						ProvisioningStyle = Automatic;
					};
				};
			};
			buildConfigurationList = D1AB9BC51D53F69100312A0A /* Build configuration list for PBXProject "Flakey" */;
			compatibilityVersion = "Xcode 3.2";
			developmentRegion = English;
			hasScannedForEncodings = 0;
			knownRegions = (
				English,
				en,
				Base,
			);
			mainGroup = D1AB9BC11D53F69100312A0A;
			productRefGroup = D1AB9BCB1D53F69100312A0A /* Products */;
			projectDirPath = "";
			projectReferences = (
				{
					ProductGroup = D1A5A7721D7CD0BB00D6001A /* Products */;
					ProjectRef = D1A5A7711D7CD0BB00D6001A /* PocketSVGFramework.xcodeproj */;
				},
			);
			projectRoot = "";
			targets = (
				D1AB9BC91D53F69100312A0A /* Flakey */,
			);
		};
/* End PBXProject section */

/* Begin PBXReferenceProxy section */
		D1A5A7A11D7CD0BB00D6001A /* PocketSVGFramework.framework */ = {
			isa = PBXReferenceProxy;
			fileType = wrapper.framework;
			path = PocketSVGFramework.framework;
			remoteRef = D1A5A7A01D7CD0BB00D6001A /* PBXContainerItemProxy */;
			sourceTree = BUILT_PRODUCTS_DIR;
		};
/* End PBXReferenceProxy section */

/* Begin PBXResourcesBuildPhase section */
		D1AB9BC81D53F69100312A0A /* Resources */ = {
			isa = PBXResourcesBuildPhase;
			buildActionMask = 2147483647;
			files = (
				D1E7841B1DD2697200960FB4 /* icon@x40.png in Resources */,
				D1A5A7761D7CD0BB00D6001A /* .travis.yml in Resources */,
				D1A5A7751D7CD0BB00D6001A /* .gitignore in Resources */,
				D1A5A77B1D7CD0BB00D6001A /* LICENSE in Resources */,
				D1AB9BD81D53F69100312A0A /* LaunchScreen.storyboard in Resources */,
				D1E784281DD26A8A00960FB4 /* icon@x80.png in Resources */,
				D13D56841DDE0AAD001A8DA7 /* volume-on@x2.png in Resources */,
				D1E784211DD269CC00960FB4 /* icon@x60.png in Resources */,
				D1E7842A1DD26A8A00960FB4 /* icon@x180.png in Resources */,
				D12D865F1DDD0E42001E2685 /* Tutorial.wav in Resources */,
				D13ED1DE1DC2E77800F4A176 /* backdropSmall@x3.png in Resources */,
				D1AB9BD51D53F69100312A0A /* Assets.xcassets in Resources */,
				D13D56831DDE0AAD001A8DA7 /* volume-off@x3.png in Resources */,
				D1E784201DD269CC00960FB4 /* icon@x58.png in Resources */,
				D13D56821DDE0AAD001A8DA7 /* volume-off@x2.png in Resources */,
				D13ED1DC1DC2E77800F4A176 /* backdropSmall.png in Resources */,
				D12D86621DDD0E67001E2685 /* Button.wav in Resources */,
				D13D56851DDE0AAD001A8DA7 /* volume-on@x3.png in Resources */,
				D1E784151DD2575200960FB4 /* logo@x2.png in Resources */,
				D12D866C1DDD1E88001E2685 /* volume-off.png in Resources */,
				D1E7842C1DD26B7000960FB4 /* icon@x87.png in Resources */,
				D13ED1DD1DC2E77800F4A176 /* backdropSmall@x2.png in Resources */,
				D110085C1DBBC88D0007EACA /* snowflake.svg in Resources */,
				D1E784141DD2575200960FB4 /* logo.png in Resources */,
				D12D866F1DDD1E88001E2685 /* volume-on.png in Resources */,
				D12D86631DDD0E67001E2685 /* Table.wav in Resources */,
				D110085E1DBBDB890007EACA /* GoogleService-Info.plist in Resources */,
				D1E784291DD26A8A00960FB4 /* icon@x120.png in Resources */,
				D12D86651DDD1B35001E2685 /* Collision.wav in Resources */,
				D12D86581DDCF202001E2685 /* Thud.wav in Resources */,
				D1E784161DD2575200960FB4 /* logo@x3.png in Resources */,
				D1AB9BD31D53F69100312A0A /* Main.storyboard in Resources */,
				D1A5A7901D7CD0BB00D6001A /* PocketSVG.podspec in Resources */,
			);
			runOnlyForDeploymentPostprocessing = 0;
		};
/* End PBXResourcesBuildPhase section */

/* Begin PBXShellScriptBuildPhase section */
		5954E925592BFA6C8D2AEFDA /* [CP] Check Pods Manifest.lock */ = {
			isa = PBXShellScriptBuildPhase;
			buildActionMask = 2147483647;
			files = (
			);
			inputFileListPaths = (
			);
			inputPaths = (
				"${PODS_PODFILE_DIR_PATH}/Podfile.lock",
				"${PODS_ROOT}/Manifest.lock",
			);
			name = "[CP] Check Pods Manifest.lock";
			outputFileListPaths = (
			);
			outputPaths = (
				"$(DERIVED_FILE_DIR)/Pods-Flakey-checkManifestLockResult.txt",
			);
			runOnlyForDeploymentPostprocessing = 0;
			shellPath = /bin/sh;
			shellScript = "diff \"${PODS_PODFILE_DIR_PATH}/Podfile.lock\" \"${PODS_ROOT}/Manifest.lock\" > /dev/null\nif [ $? != 0 ] ; then\n    # print error to STDERR\n    echo \"error: The sandbox is not in sync with the Podfile.lock. Run 'pod install' or update your CocoaPods installation.\" >&2\n    exit 1\nfi\n# This output is used by Xcode 'outputs' to avoid re-running this script phase.\necho \"SUCCESS\" > \"${SCRIPT_OUTPUT_FILE_0}\"\n";
			showEnvVarsInLog = 0;
		};
		CCD3E9229A6AFA7674078A4F /* [CP] Embed Pods Frameworks */ = {
			isa = PBXShellScriptBuildPhase;
			buildActionMask = 2147483647;
			files = (
			);
			inputPaths = (
				"${PODS_ROOT}/Target Support Files/Pods-Flakey/Pods-Flakey-frameworks.sh",
				"${BUILT_PRODUCTS_DIR}/GoogleToolboxForMac/GoogleToolboxForMac.framework",
			);
			name = "[CP] Embed Pods Frameworks";
			outputPaths = (
				"${TARGET_BUILD_DIR}/${FRAMEWORKS_FOLDER_PATH}/GoogleToolboxForMac.framework",
			);
			runOnlyForDeploymentPostprocessing = 0;
			shellPath = /bin/sh;
			shellScript = "\"${PODS_ROOT}/Target Support Files/Pods-Flakey/Pods-Flakey-frameworks.sh\"\n";
			showEnvVarsInLog = 0;
		};
/* End PBXShellScriptBuildPhase section */

/* Begin PBXSourcesBuildPhase section */
		D1AB9BC61D53F69100312A0A /* Sources */ = {
			isa = PBXSourcesBuildPhase;
			buildActionMask = 2147483647;
			files = (
				D12E92031DD0DF8C00F7E71A /* BroadcastTutorialView.swift in Sources */,
				D1F2CDD61D8B0B06001479B6 /* Broadcast.swift in Sources */,
				D15532FF1DA720B400B7FAD9 /* Constants.swift in Sources */,
				D1A5A7AC1D7D042800D6001A /* Score.swift in Sources */,
				D1AB9BE01D53FC4000312A0A /* Cloud.swift in Sources */,
				D1AB9BD01D53F69100312A0A /* GameController.swift in Sources */,
				D1E9037D1D55887E005DED90 /* Flake.swift in Sources */,
				D195E9001DAE894D003EF784 /* PauseButton.swift in Sources */,
				D1AB9BE21D54082D00312A0A /* Arc.swift in Sources */,
				D1F2CDD21D8AFB14001479B6 /* Border.swift in Sources */,
				D1A5A78F1D7CD0BB00D6001A /* PocketSVG.m in Sources */,
				D1DA55191D9DA26D0026FD25 /* ScoreTable.swift in Sources */,
				D13ED1D41DC2B76B00F4A176 /* Backdrop.swift in Sources */,
				D1AB9BCE1D53F69100312A0A /* AppDelegate.swift in Sources */,
			);
			runOnlyForDeploymentPostprocessing = 0;
		};
/* End PBXSourcesBuildPhase section */

/* Begin PBXVariantGroup section */
		D1AB9BD11D53F69100312A0A /* Main.storyboard */ = {
			isa = PBXVariantGroup;
			children = (
				D1AB9BD21D53F69100312A0A /* Base */,
			);
			name = Main.storyboard;
			sourceTree = "<group>";
		};
		D1AB9BD61D53F69100312A0A /* LaunchScreen.storyboard */ = {
			isa = PBXVariantGroup;
			children = (
				D1AB9BD71D53F69100312A0A /* Base */,
			);
			name = LaunchScreen.storyboard;
			sourceTree = "<group>";
		};
/* End PBXVariantGroup section */

/* Begin XCBuildConfiguration section */
		D1AB9BDA1D53F69100312A0A /* Debug */ = {
			isa = XCBuildConfiguration;
			buildSettings = {
				ALWAYS_SEARCH_USER_PATHS = NO;
				CLANG_ANALYZER_NONNULL = YES;
				CLANG_CXX_LANGUAGE_STANDARD = "gnu++0x";
				CLANG_CXX_LIBRARY = "libc++";
				CLANG_ENABLE_MODULES = YES;
				CLANG_ENABLE_OBJC_ARC = YES;
				CLANG_WARN_BOOL_CONVERSION = YES;
				CLANG_WARN_CONSTANT_CONVERSION = YES;
				CLANG_WARN_DIRECT_OBJC_ISA_USAGE = YES_ERROR;
				CLANG_WARN_EMPTY_BODY = YES;
				CLANG_WARN_ENUM_CONVERSION = YES;
				CLANG_WARN_INFINITE_RECURSION = YES;
				CLANG_WARN_INT_CONVERSION = YES;
				CLANG_WARN_OBJC_ROOT_CLASS = YES_ERROR;
				CLANG_WARN_SUSPICIOUS_MOVE = YES;
				CLANG_WARN_UNREACHABLE_CODE = YES;
				CLANG_WARN__DUPLICATE_METHOD_MATCH = YES;
				"CODE_SIGN_IDENTITY[sdk=iphoneos*]" = "iPhone Developer";
				COPY_PHASE_STRIP = NO;
				DEBUG_INFORMATION_FORMAT = dwarf;
				ENABLE_STRICT_OBJC_MSGSEND = YES;
				ENABLE_TESTABILITY = YES;
				GCC_C_LANGUAGE_STANDARD = gnu99;
				GCC_DYNAMIC_NO_PIC = NO;
				GCC_NO_COMMON_BLOCKS = YES;
				GCC_OPTIMIZATION_LEVEL = 0;
				GCC_PREPROCESSOR_DEFINITIONS = (
					"DEBUG=1",
					"$(inherited)",
				);
				GCC_WARN_64_TO_32_BIT_CONVERSION = YES;
				GCC_WARN_ABOUT_RETURN_TYPE = YES_ERROR;
				GCC_WARN_UNDECLARED_SELECTOR = YES;
				GCC_WARN_UNINITIALIZED_AUTOS = YES_AGGRESSIVE;
				GCC_WARN_UNUSED_FUNCTION = YES;
				GCC_WARN_UNUSED_VARIABLE = YES;
				IPHONEOS_DEPLOYMENT_TARGET = 12.0;
				MTL_ENABLE_DEBUG_INFO = YES;
				ONLY_ACTIVE_ARCH = YES;
				SDKROOT = iphoneos;
				SWIFT_OBJC_BRIDGING_HEADER = "$(SRCROOT)/Fly/Flakey-Bridging-Header.h";
				SWIFT_OPTIMIZATION_LEVEL = "-Onone";
			};
			name = Debug;
		};
		D1AB9BDB1D53F69100312A0A /* Release */ = {
			isa = XCBuildConfiguration;
			buildSettings = {
				ALWAYS_SEARCH_USER_PATHS = NO;
				CLANG_ANALYZER_NONNULL = YES;
				CLANG_CXX_LANGUAGE_STANDARD = "gnu++0x";
				CLANG_CXX_LIBRARY = "libc++";
				CLANG_ENABLE_MODULES = YES;
				CLANG_ENABLE_OBJC_ARC = YES;
				CLANG_WARN_BOOL_CONVERSION = YES;
				CLANG_WARN_CONSTANT_CONVERSION = YES;
				CLANG_WARN_DIRECT_OBJC_ISA_USAGE = YES_ERROR;
				CLANG_WARN_EMPTY_BODY = YES;
				CLANG_WARN_ENUM_CONVERSION = YES;
				CLANG_WARN_INFINITE_RECURSION = YES;
				CLANG_WARN_INT_CONVERSION = YES;
				CLANG_WARN_OBJC_ROOT_CLASS = YES_ERROR;
				CLANG_WARN_SUSPICIOUS_MOVE = YES;
				CLANG_WARN_UNREACHABLE_CODE = YES;
				CLANG_WARN__DUPLICATE_METHOD_MATCH = YES;
				"CODE_SIGN_IDENTITY[sdk=iphoneos*]" = "iPhone Developer";
				COPY_PHASE_STRIP = NO;
				DEBUG_INFORMATION_FORMAT = "dwarf-with-dsym";
				ENABLE_NS_ASSERTIONS = NO;
				ENABLE_STRICT_OBJC_MSGSEND = YES;
				GCC_C_LANGUAGE_STANDARD = gnu99;
				GCC_NO_COMMON_BLOCKS = YES;
				GCC_WARN_64_TO_32_BIT_CONVERSION = YES;
				GCC_WARN_ABOUT_RETURN_TYPE = YES_ERROR;
				GCC_WARN_UNDECLARED_SELECTOR = YES;
				GCC_WARN_UNINITIALIZED_AUTOS = YES_AGGRESSIVE;
				GCC_WARN_UNUSED_FUNCTION = YES;
				GCC_WARN_UNUSED_VARIABLE = YES;
				IPHONEOS_DEPLOYMENT_TARGET = 12.0;
				MTL_ENABLE_DEBUG_INFO = NO;
				SDKROOT = iphoneos;
				SWIFT_OBJC_BRIDGING_HEADER = "$(SRCROOT)/Fly/Flakey-Bridging-Header.h";
				SWIFT_OPTIMIZATION_LEVEL = "-Owholemodule";
				VALIDATE_PRODUCT = YES;
			};
			name = Release;
		};
		D1AB9BDD1D53F69100312A0A /* Debug */ = {
			isa = XCBuildConfiguration;
			baseConfigurationReference = FAA9DBAB2BC9E19F561B5AA7 /* Pods-Flakey.debug.xcconfig */;
			buildSettings = {
				ASSETCATALOG_COMPILER_APPICON_NAME = AppIcon;
				CODE_SIGN_IDENTITY = "";
				"CODE_SIGN_IDENTITY[sdk=iphoneos*]" = "iPhone Developer";
				CURRENT_PROJECT_VERSION = 10;
				DEVELOPMENT_TEAM = 53738Y87UZ;
				INFOPLIST_FILE = Fly/Info.plist;
				IPHONEOS_DEPLOYMENT_TARGET = 12.0;
				LD_RUNPATH_SEARCH_PATHS = "$(inherited) @executable_path/Frameworks";
				MARKETING_VERSION = 1.2;
				PRODUCT_BUNDLE_IDENTIFIER = com.Vikram.Flakey;
				PRODUCT_NAME = "$(TARGET_NAME)";
				SWIFT_OBJC_BRIDGING_HEADER = "$(SRCROOT)/Fly/Flakey-Bridging-Header.h";
				SWIFT_VERSION = 4.0;
				TARGETED_DEVICE_FAMILY = 1;
			};
			name = Debug;
		};
		D1AB9BDE1D53F69100312A0A /* Release */ = {
			isa = XCBuildConfiguration;
			baseConfigurationReference = 856DFB90FC939FFE783B3A65 /* Pods-Flakey.release.xcconfig */;
			buildSettings = {
				ASSETCATALOG_COMPILER_APPICON_NAME = AppIcon;
				CODE_SIGN_IDENTITY = "";
				"CODE_SIGN_IDENTITY[sdk=iphoneos*]" = "iPhone Developer";
				CURRENT_PROJECT_VERSION = 10;
				DEVELOPMENT_TEAM = 53738Y87UZ;
				INFOPLIST_FILE = Fly/Info.plist;
				IPHONEOS_DEPLOYMENT_TARGET = 12.0;
				LD_RUNPATH_SEARCH_PATHS = "$(inherited) @executable_path/Frameworks";
				MARKETING_VERSION = 1.2;
				PRODUCT_BUNDLE_IDENTIFIER = com.Vikram.Flakey;
				PRODUCT_NAME = "$(TARGET_NAME)";
				SWIFT_OBJC_BRIDGING_HEADER = "$(SRCROOT)/Fly/Flakey-Bridging-Header.h";
				SWIFT_VERSION = 4.0;
				TARGETED_DEVICE_FAMILY = 1;
			};
			name = Release;
		};
/* End XCBuildConfiguration section */

/* Begin XCConfigurationList section */
		D1AB9BC51D53F69100312A0A /* Build configuration list for PBXProject "Flakey" */ = {
			isa = XCConfigurationList;
			buildConfigurations = (
				D1AB9BDA1D53F69100312A0A /* Debug */,
				D1AB9BDB1D53F69100312A0A /* Release */,
			);
			defaultConfigurationIsVisible = 0;
			defaultConfigurationName = Release;
		};
		D1AB9BDC1D53F69100312A0A /* Build configuration list for PBXNativeTarget "Flakey" */ = {
			isa = XCConfigurationList;
			buildConfigurations = (
				D1AB9BDD1D53F69100312A0A /* Debug */,
				D1AB9BDE1D53F69100312A0A /* Release */,
			);
			defaultConfigurationIsVisible = 0;
			defaultConfigurationName = Release;
		};
/* End XCConfigurationList section */
	};
	rootObject = D1AB9BC21D53F69100312A0A /* Project object */;
}
